
Microsoft Visual Studio Solution File, Format Version 12.00
# Visual Studio Version 17
VisualStudioVersion = 17.11.35327.3
MinimumVisualStudioVersion = 10.0.40219.1
Project("{9A19103F-16F7-4668-BE54-9A1E7A4F7556}") = "CROFFLE", "CROFFLE\CROFFLE.csproj", "{948B06DE-4B7F-4E27-AB4C-4D3E0AD478EC}"
EndProject
Project("{2150E333-8FDC-42A3-9474-1A3956D46DE8}") = "DLL", "DLL", "{178DAE64-7BF4-4169-B923-3033E6AEC57F}"
EndProject
Project("{9A19103F-16F7-4668-BE54-9A1E7A4F7556}") = "DataManager", "DataManager\DataManager.csproj", "{9F8F34D6-B7B0-4756-B05C-D05E02CF43C2}"
EndProject
Project("{9A19103F-16F7-4668-BE54-9A1E7A4F7556}") = "CroffleLogManager", "CroffleLogManager\CroffleLogManager.csproj", "{50392138-6833-4E2F-9116-22C5BB4B2B8B}"
EndProject
Project("{9A19103F-16F7-4668-BE54-9A1E7A4F7556}") = "CROFFLE_Core", "CROFFLE_Core\CROFFLE_Core.csproj", "{427A1BD9-892E-493E-9AEA-A7C0182594AF}"
EndProject
Project("{9A19103F-16F7-4668-BE54-9A1E7A4F7556}") = "AnniversaryAPI", "AnniversaryAPI\AnniversaryAPI.csproj", "{C66CAA75-74EA-4376-A1BE-474E17F08545}"
EndProject
Project("{2150E333-8FDC-42A3-9474-1A3956D46DE8}") = "Plugin", "Plugin", "{9514C54E-9339-4F27-8183-0FE39B8B3EB6}"
EndProject
Project("{9A19103F-16F7-4668-BE54-9A1E7A4F7556}") = "Plugin_Waffle", "Plugin_Waffle\Plugin_Waffle.csproj", "{04ED5CDE-3C6C-46D8-80DF-2609BEAF45A7}"
EndProject
Project("{FAE04EC0-301F-11D3-BF4B-00C04F79EFBC}") = "HttpConn", "HttpConn\HttpConn.csproj", "{4933E299-4F89-4E7B-B1C6-8744AD516CC1}"
EndProject
Global
	GlobalSection(SolutionConfigurationPlatforms) = preSolution
		Debug|Any CPU = Debug|Any CPU
		Release|Any CPU = Release|Any CPU
	EndGlobalSection
	GlobalSection(ProjectConfigurationPlatforms) = postSolution
		{948B06DE-4B7F-4E27-AB4C-4D3E0AD478EC}.Debug|Any CPU.ActiveCfg = Debug|Any CPU
		{948B06DE-4B7F-4E27-AB4C-4D3E0AD478EC}.Debug|Any CPU.Build.0 = Debug|Any CPU
		{948B06DE-4B7F-4E27-AB4C-4D3E0AD478EC}.Debug|Any CPU.Deploy.0 = Debug|Any CPU
		{948B06DE-4B7F-4E27-AB4C-4D3E0AD478EC}.Release|Any CPU.ActiveCfg = Release|Any CPU
		{948B06DE-4B7F-4E27-AB4C-4D3E0AD478EC}.Release|Any CPU.Build.0 = Release|Any CPU
		{948B06DE-4B7F-4E27-AB4C-4D3E0AD478EC}.Release|Any CPU.Deploy.0 = Release|Any CPU
		{9F8F34D6-B7B0-4756-B05C-D05E02CF43C2}.Debug|Any CPU.ActiveCfg = Debug|Any CPU
		{9F8F34D6-B7B0-4756-B05C-D05E02CF43C2}.Debug|Any CPU.Build.0 = Debug|Any CPU
		{9F8F34D6-B7B0-4756-B05C-D05E02CF43C2}.Release|Any CPU.ActiveCfg = Release|Any CPU
		{9F8F34D6-B7B0-4756-B05C-D05E02CF43C2}.Release|Any CPU.Build.0 = Release|Any CPU
		{50392138-6833-4E2F-9116-22C5BB4B2B8B}.Debug|Any CPU.ActiveCfg = Debug|Any CPU
		{50392138-6833-4E2F-9116-22C5BB4B2B8B}.Debug|Any CPU.Build.0 = Debug|Any CPU
		{50392138-6833-4E2F-9116-22C5BB4B2B8B}.Release|Any CPU.ActiveCfg = Release|Any CPU
		{50392138-6833-4E2F-9116-22C5BB4B2B8B}.Release|Any CPU.Build.0 = Release|Any CPU
		{427A1BD9-892E-493E-9AEA-A7C0182594AF}.Debug|Any CPU.ActiveCfg = Debug|Any CPU
		{427A1BD9-892E-493E-9AEA-A7C0182594AF}.Debug|Any CPU.Build.0 = Debug|Any CPU
		{427A1BD9-892E-493E-9AEA-A7C0182594AF}.Release|Any CPU.ActiveCfg = Release|Any CPU
		{427A1BD9-892E-493E-9AEA-A7C0182594AF}.Release|Any CPU.Build.0 = Release|Any CPU
		{C66CAA75-74EA-4376-A1BE-474E17F08545}.Debug|Any CPU.ActiveCfg = Debug|Any CPU
		{C66CAA75-74EA-4376-A1BE-474E17F08545}.Debug|Any CPU.Build.0 = Debug|Any CPU
		{C66CAA75-74EA-4376-A1BE-474E17F08545}.Release|Any CPU.ActiveCfg = Release|Any CPU
		{C66CAA75-74EA-4376-A1BE-474E17F08545}.Release|Any CPU.Build.0 = Release|Any CPU
		{04ED5CDE-3C6C-46D8-80DF-2609BEAF45A7}.Debug|Any CPU.ActiveCfg = Debug|Any CPU
		{04ED5CDE-3C6C-46D8-80DF-2609BEAF45A7}.Debug|Any CPU.Build.0 = Debug|Any CPU
		{04ED5CDE-3C6C-46D8-80DF-2609BEAF45A7}.Release|Any CPU.ActiveCfg = Release|Any CPU
		{04ED5CDE-3C6C-46D8-80DF-2609BEAF45A7}.Release|Any CPU.Build.0 = Release|Any CPU
		{4933E299-4F89-4E7B-B1C6-8744AD516CC1}.Debug|Any CPU.ActiveCfg = Debug|Any CPU
		{4933E299-4F89-4E7B-B1C6-8744AD516CC1}.Debug|Any CPU.Build.0 = Debug|Any CPU
		{4933E299-4F89-4E7B-B1C6-8744AD516CC1}.Release|Any CPU.ActiveCfg = Release|Any CPU
		{4933E299-4F89-4E7B-B1C6-8744AD516CC1}.Release|Any CPU.Build.0 = Release|Any CPU
	EndGlobalSection
	GlobalSection(SolutionProperties) = preSolution
		HideSolutionNode = FALSE
	EndGlobalSection
	GlobalSection(NestedProjects) = preSolution
		{9F8F34D6-B7B0-4756-B05C-D05E02CF43C2} = {178DAE64-7BF4-4169-B923-3033E6AEC57F}
		{50392138-6833-4E2F-9116-22C5BB4B2B8B} = {178DAE64-7BF4-4169-B923-3033E6AEC57F}
		{C66CAA75-74EA-4376-A1BE-474E17F08545} = {178DAE64-7BF4-4169-B923-3033E6AEC57F}
		{04ED5CDE-3C6C-46D8-80DF-2609BEAF45A7} = {9514C54E-9339-4F27-8183-0FE39B8B3EB6}
		{4933E299-4F89-4E7B-B1C6-8744AD516CC1} = {178DAE64-7BF4-4169-B923-3033E6AEC57F}
	EndGlobalSection
	GlobalSection(ExtensibilityGlobals) = postSolution
		SolutionGuid = {93097F75-A34F-4D21-9F21-340817ADBFCB}
	EndGlobalSection
EndGlobal
